// !$*UTF8*$!
{
	archiveVersion = 1;
	classes = {
	};
	objectVersion = 46;
	objects = {

/* Begin PBXBuildFile section */
		2B9F2B9619265982004CD32F /* Foundation.framework in Frameworks */ = {isa = PBXBuildFile; fileRef = 2BE3191E19263994009CED9E /* Foundation.framework */; };
		2B9F2B9919265982004CD32F /* main.m in Sources */ = {isa = PBXBuildFile; fileRef = 2B9F2B9819265982004CD32F /* main.m */; };
		2B9F2BB019265A47004CD32F /* FMPSD.m in Sources */ = {isa = PBXBuildFile; fileRef = 2B9F2BA319265A47004CD32F /* FMPSD.m */; };
		2B9F2BB119265A47004CD32F /* FMPSDCIFilters.m in Sources */ = {isa = PBXBuildFile; fileRef = 2B9F2BA519265A47004CD32F /* FMPSDCIFilters.m */; };
		2B9F2BB219265A47004CD32F /* FMPSDDescriptor.m in Sources */ = {isa = PBXBuildFile; fileRef = 2B9F2BA719265A47004CD32F /* FMPSDDescriptor.m */; };
		2B9F2BB319265A47004CD32F /* FMPSDLayer.m in Sources */ = {isa = PBXBuildFile; fileRef = 2B9F2BA919265A47004CD32F /* FMPSDLayer.m */; };
		2B9F2BB419265A47004CD32F /* FMPSDStream.m in Sources */ = {isa = PBXBuildFile; fileRef = 2B9F2BAB19265A47004CD32F /* FMPSDStream.m */; };
		2B9F2BB519265A47004CD32F /* FMPSDTextEngineParser.m in Sources */ = {isa = PBXBuildFile; fileRef = 2B9F2BAD19265A47004CD32F /* FMPSDTextEngineParser.m */; };
		2B9F2BB619265A47004CD32F /* FMPSDUtils.m in Sources */ = {isa = PBXBuildFile; fileRef = 2B9F2BAF19265A47004CD32F /* FMPSDUtils.m */; };
		2B9F2BB919265AD2004CD32F /* Converter.m in Sources */ = {isa = PBXBuildFile; fileRef = 2B9F2BB819265AD2004CD32F /* Converter.m */; };
		2BE3191F19263994009CED9E /* Foundation.framework in Frameworks */ = {isa = PBXBuildFile; fileRef = 2BE3191E19263994009CED9E /* Foundation.framework */; };
		2BE3192119263994009CED9E /* CoreGraphics.framework in Frameworks */ = {isa = PBXBuildFile; fileRef = 2BE3192019263994009CED9E /* CoreGraphics.framework */; };
		2BE3192319263994009CED9E /* UIKit.framework in Frameworks */ = {isa = PBXBuildFile; fileRef = 2BE3192219263994009CED9E /* UIKit.framework */; };
		2BE3192B19263994009CED9E /* main.m in Sources */ = {isa = PBXBuildFile; fileRef = 2BE3192A19263994009CED9E /* main.m */; };
		2BE3192F19263994009CED9E /* AppDelegate.m in Sources */ = {isa = PBXBuildFile; fileRef = 2BE3192E19263994009CED9E /* AppDelegate.m */; };
		2BE3193119263994009CED9E /* Images.xcassets in Resources */ = {isa = PBXBuildFile; fileRef = 2BE3193019263994009CED9E /* Images.xcassets */; };
		2BE3194F192639A8009CED9E /* ViewController.m in Sources */ = {isa = PBXBuildFile; fileRef = 2BE3194E192639A8009CED9E /* ViewController.m */; };
		2BE31953192639F9009CED9E /* ViewController.xib in Resources */ = {isa = PBXBuildFile; fileRef = 2BE31952192639F9009CED9E /* ViewController.xib */; };
		2BE3195B19263CC4009CED9E /* CALayer+SnapshotRepresentation.m in Sources */ = {isa = PBXBuildFile; fileRef = 2BE3195A19263CC4009CED9E /* CALayer+SnapshotRepresentation.m */; };
		2BE3195E19264117009CED9E /* UIWindow+SnapshotRepresentation.m in Sources */ = {isa = PBXBuildFile; fileRef = 2BE3195D19264117009CED9E /* UIWindow+SnapshotRepresentation.m */; };
		2BE3196019264212009CED9E /* UIKonf.jpg in Resources */ = {isa = PBXBuildFile; fileRef = 2BE3195F19264212009CED9E /* UIKonf.jpg */; };
/* End PBXBuildFile section */

/* Begin PBXCopyFilesBuildPhase section */
		2B9F2B9319265982004CD32F /* CopyFiles */ = {
			isa = PBXCopyFilesBuildPhase;
			buildActionMask = 2147483647;
			dstPath = /usr/share/man/man1/;
			dstSubfolderSpec = 0;
			files = (
			);
			runOnlyForDeploymentPostprocessing = 1;
		};
/* End PBXCopyFilesBuildPhase section */

/* Begin PBXFileReference section */
		2B9F2B9519265982004CD32F /* Convert */ = {isa = PBXFileReference; explicitFileType = "compiled.mach-o.executable"; includeInIndex = 0; path = Convert; sourceTree = BUILT_PRODUCTS_DIR; };
		2B9F2B9819265982004CD32F /* main.m */ = {isa = PBXFileReference; lastKnownFileType = sourcecode.c.objc; path = main.m; sourceTree = "<group>"; };
		2B9F2BA219265A47004CD32F /* FMPSD.h */ = {isa = PBXFileReference; fileEncoding = 4; lastKnownFileType = sourcecode.c.h; name = FMPSD.h; path = fmpsd/fmpsd/classes/FMPSD.h; sourceTree = "<group>"; };
		2B9F2BA319265A47004CD32F /* FMPSD.m */ = {isa = PBXFileReference; fileEncoding = 4; lastKnownFileType = sourcecode.c.objc; name = FMPSD.m; path = fmpsd/fmpsd/classes/FMPSD.m; sourceTree = "<group>"; };
		2B9F2BA419265A47004CD32F /* FMPSDCIFilters.h */ = {isa = PBXFileReference; fileEncoding = 4; lastKnownFileType = sourcecode.c.h; name = FMPSDCIFilters.h; path = fmpsd/fmpsd/classes/FMPSDCIFilters.h; sourceTree = "<group>"; };
		2B9F2BA519265A47004CD32F /* FMPSDCIFilters.m */ = {isa = PBXFileReference; fileEncoding = 4; lastKnownFileType = sourcecode.c.objc; name = FMPSDCIFilters.m; path = fmpsd/fmpsd/classes/FMPSDCIFilters.m; sourceTree = "<group>"; };
		2B9F2BA619265A47004CD32F /* FMPSDDescriptor.h */ = {isa = PBXFileReference; fileEncoding = 4; lastKnownFileType = sourcecode.c.h; name = FMPSDDescriptor.h; path = fmpsd/fmpsd/classes/FMPSDDescriptor.h; sourceTree = "<group>"; };
		2B9F2BA719265A47004CD32F /* FMPSDDescriptor.m */ = {isa = PBXFileReference; fileEncoding = 4; lastKnownFileType = sourcecode.c.objc; name = FMPSDDescriptor.m; path = fmpsd/fmpsd/classes/FMPSDDescriptor.m; sourceTree = "<group>"; };
		2B9F2BA819265A47004CD32F /* FMPSDLayer.h */ = {isa = PBXFileReference; fileEncoding = 4; lastKnownFileType = sourcecode.c.h; name = FMPSDLayer.h; path = fmpsd/fmpsd/classes/FMPSDLayer.h; sourceTree = "<group>"; };
		2B9F2BA919265A47004CD32F /* FMPSDLayer.m */ = {isa = PBXFileReference; fileEncoding = 4; lastKnownFileType = sourcecode.c.objc; name = FMPSDLayer.m; path = fmpsd/fmpsd/classes/FMPSDLayer.m; sourceTree = "<group>"; };
		2B9F2BAA19265A47004CD32F /* FMPSDStream.h */ = {isa = PBXFileReference; fileEncoding = 4; lastKnownFileType = sourcecode.c.h; name = FMPSDStream.h; path = fmpsd/fmpsd/classes/FMPSDStream.h; sourceTree = "<group>"; };
		2B9F2BAB19265A47004CD32F /* FMPSDStream.m */ = {isa = PBXFileReference; fileEncoding = 4; lastKnownFileType = sourcecode.c.objc; name = FMPSDStream.m; path = fmpsd/fmpsd/classes/FMPSDStream.m; sourceTree = "<group>"; };
		2B9F2BAC19265A47004CD32F /* FMPSDTextEngineParser.h */ = {isa = PBXFileReference; fileEncoding = 4; lastKnownFileType = sourcecode.c.h; name = FMPSDTextEngineParser.h; path = fmpsd/fmpsd/classes/FMPSDTextEngineParser.h; sourceTree = "<group>"; };
		2B9F2BAD19265A47004CD32F /* FMPSDTextEngineParser.m */ = {isa = PBXFileReference; fileEncoding = 4; lastKnownFileType = sourcecode.c.objc; name = FMPSDTextEngineParser.m; path = fmpsd/fmpsd/classes/FMPSDTextEngineParser.m; sourceTree = "<group>"; };
		2B9F2BAE19265A47004CD32F /* FMPSDUtils.h */ = {isa = PBXFileReference; fileEncoding = 4; lastKnownFileType = sourcecode.c.h; name = FMPSDUtils.h; path = fmpsd/fmpsd/classes/FMPSDUtils.h; sourceTree = "<group>"; };
		2B9F2BAF19265A47004CD32F /* FMPSDUtils.m */ = {isa = PBXFileReference; fileEncoding = 4; lastKnownFileType = sourcecode.c.objc; name = FMPSDUtils.m; path = fmpsd/fmpsd/classes/FMPSDUtils.m; sourceTree = "<group>"; };
		2B9F2BB719265AD2004CD32F /* Converter.h */ = {isa = PBXFileReference; fileEncoding = 4; lastKnownFileType = sourcecode.c.h; path = Converter.h; sourceTree = "<group>"; };
		2B9F2BB819265AD2004CD32F /* Converter.m */ = {isa = PBXFileReference; fileEncoding = 4; lastKnownFileType = sourcecode.c.objc; path = Converter.m; sourceTree = "<group>"; };
		2BE3191B19263994009CED9E /* Snapshot.app */ = {isa = PBXFileReference; explicitFileType = wrapper.application; includeInIndex = 0; path = Snapshot.app; sourceTree = BUILT_PRODUCTS_DIR; };
		2BE3191E19263994009CED9E /* Foundation.framework */ = {isa = PBXFileReference; lastKnownFileType = wrapper.framework; name = Foundation.framework; path = System/Library/Frameworks/Foundation.framework; sourceTree = SDKROOT; };
		2BE3192019263994009CED9E /* CoreGraphics.framework */ = {isa = PBXFileReference; lastKnownFileType = wrapper.framework; name = CoreGraphics.framework; path = System/Library/Frameworks/CoreGraphics.framework; sourceTree = SDKROOT; };
		2BE3192219263994009CED9E /* UIKit.framework */ = {isa = PBXFileReference; lastKnownFileType = wrapper.framework; name = UIKit.framework; path = System/Library/Frameworks/UIKit.framework; sourceTree = SDKROOT; };
		2BE3192619263994009CED9E /* Info.plist */ = {isa = PBXFileReference; lastKnownFileType = text.plist.xml; path = Info.plist; sourceTree = "<group>"; };
		2BE3192A19263994009CED9E /* main.m */ = {isa = PBXFileReference; lastKnownFileType = sourcecode.c.objc; path = main.m; sourceTree = "<group>"; };
		2BE3192D19263994009CED9E /* AppDelegate.h */ = {isa = PBXFileReference; lastKnownFileType = sourcecode.c.h; path = AppDelegate.h; sourceTree = "<group>"; };
		2BE3192E19263994009CED9E /* AppDelegate.m */ = {isa = PBXFileReference; lastKnownFileType = sourcecode.c.objc; path = AppDelegate.m; sourceTree = "<group>"; };
		2BE3193019263994009CED9E /* Images.xcassets */ = {isa = PBXFileReference; lastKnownFileType = folder.assetcatalog; path = Images.xcassets; sourceTree = "<group>"; };
		2BE3193719263994009CED9E /* XCTest.framework */ = {isa = PBXFileReference; lastKnownFileType = wrapper.framework; name = XCTest.framework; path = Library/Frameworks/XCTest.framework; sourceTree = DEVELOPER_DIR; };
		2BE3194D192639A8009CED9E /* ViewController.h */ = {isa = PBXFileReference; fileEncoding = 4; lastKnownFileType = sourcecode.c.h; path = ViewController.h; sourceTree = "<group>"; };
		2BE3194E192639A8009CED9E /* ViewController.m */ = {isa = PBXFileReference; fileEncoding = 4; lastKnownFileType = sourcecode.c.objc; path = ViewController.m; sourceTree = "<group>"; };
		2BE31952192639F9009CED9E /* ViewController.xib */ = {isa = PBXFileReference; fileEncoding = 4; lastKnownFileType = file.xib; path = ViewController.xib; sourceTree = "<group>"; };
		2BE3195919263CC4009CED9E /* CALayer+SnapshotRepresentation.h */ = {isa = PBXFileReference; fileEncoding = 4; lastKnownFileType = sourcecode.c.h; path = "CALayer+SnapshotRepresentation.h"; sourceTree = "<group>"; };
		2BE3195A19263CC4009CED9E /* CALayer+SnapshotRepresentation.m */ = {isa = PBXFileReference; fileEncoding = 4; lastKnownFileType = sourcecode.c.objc; path = "CALayer+SnapshotRepresentation.m"; sourceTree = "<group>"; };
		2BE3195C19264117009CED9E /* UIWindow+SnapshotRepresentation.h */ = {isa = PBXFileReference; fileEncoding = 4; lastKnownFileType = sourcecode.c.h; path = "UIWindow+SnapshotRepresentation.h"; sourceTree = "<group>"; };
		2BE3195D19264117009CED9E /* UIWindow+SnapshotRepresentation.m */ = {isa = PBXFileReference; fileEncoding = 4; lastKnownFileType = sourcecode.c.objc; path = "UIWindow+SnapshotRepresentation.m"; sourceTree = "<group>"; };
		2BE3195F19264212009CED9E /* UIKonf.jpg */ = {isa = PBXFileReference; lastKnownFileType = image.jpeg; path = UIKonf.jpg; sourceTree = "<group>"; };
/* End PBXFileReference section */

/* Begin PBXFrameworksBuildPhase section */
		2B9F2B9219265982004CD32F /* Frameworks */ = {
			isa = PBXFrameworksBuildPhase;
			buildActionMask = 2147483647;
			files = (
				2B9F2B9619265982004CD32F /* Foundation.framework in Frameworks */,
			);
			runOnlyForDeploymentPostprocessing = 0;
		};
		2BE3191819263994009CED9E /* Frameworks */ = {
			isa = PBXFrameworksBuildPhase;
			buildActionMask = 2147483647;
			files = (
				2BE3192119263994009CED9E /* CoreGraphics.framework in Frameworks */,
				2BE3192319263994009CED9E /* UIKit.framework in Frameworks */,
				2BE3191F19263994009CED9E /* Foundation.framework in Frameworks */,
			);
			runOnlyForDeploymentPostprocessing = 0;
		};
/* End PBXFrameworksBuildPhase section */

/* Begin PBXGroup section */
		2B9F2B9719265982004CD32F /* Convert */ = {
			isa = PBXGroup;
			children = (
				2B9F2BA119265A2F004CD32F /* fmpsd */,
				2B9F2B9819265982004CD32F /* main.m */,
				2B9F2BB719265AD2004CD32F /* Converter.h */,
				2B9F2BB819265AD2004CD32F /* Converter.m */,
			);
			path = Convert;
			sourceTree = "<group>";
		};
		2B9F2BA119265A2F004CD32F /* fmpsd */ = {
			isa = PBXGroup;
			children = (
				2B9F2BA219265A47004CD32F /* FMPSD.h */,
				2B9F2BA319265A47004CD32F /* FMPSD.m */,
				2B9F2BA419265A47004CD32F /* FMPSDCIFilters.h */,
				2B9F2BA519265A47004CD32F /* FMPSDCIFilters.m */,
				2B9F2BA619265A47004CD32F /* FMPSDDescriptor.h */,
				2B9F2BA719265A47004CD32F /* FMPSDDescriptor.m */,
				2B9F2BA819265A47004CD32F /* FMPSDLayer.h */,
				2B9F2BA919265A47004CD32F /* FMPSDLayer.m */,
				2B9F2BAA19265A47004CD32F /* FMPSDStream.h */,
				2B9F2BAB19265A47004CD32F /* FMPSDStream.m */,
				2B9F2BAC19265A47004CD32F /* FMPSDTextEngineParser.h */,
				2B9F2BAD19265A47004CD32F /* FMPSDTextEngineParser.m */,
				2B9F2BAE19265A47004CD32F /* FMPSDUtils.h */,
				2B9F2BAF19265A47004CD32F /* FMPSDUtils.m */,
			);
			name = fmpsd;
			path = ..;
			sourceTree = "<group>";
		};
		2BE3191219263994009CED9E = {
			isa = PBXGroup;
			children = (
				2BE3192419263994009CED9E /* Snapshot */,
				2B9F2B9719265982004CD32F /* Convert */,
				2BE3191D19263994009CED9E /* Frameworks */,
				2BE3191C19263994009CED9E /* Products */,
			);
			indentWidth = 4;
			sourceTree = "<group>";
			tabWidth = 4;
		};
		2BE3191C19263994009CED9E /* Products */ = {
			isa = PBXGroup;
			children = (
				2BE3191B19263994009CED9E /* Snapshot.app */,
				2B9F2B9519265982004CD32F /* Convert */,
			);
			name = Products;
			sourceTree = "<group>";
		};
		2BE3191D19263994009CED9E /* Frameworks */ = {
			isa = PBXGroup;
			children = (
				2BE3191E19263994009CED9E /* Foundation.framework */,
				2BE3192019263994009CED9E /* CoreGraphics.framework */,
				2BE3192219263994009CED9E /* UIKit.framework */,
				2BE3193719263994009CED9E /* XCTest.framework */,
			);
			name = Frameworks;
			sourceTree = "<group>";
		};
		2BE3192419263994009CED9E /* Snapshot */ = {
			isa = PBXGroup;
			children = (
				2BE3192D19263994009CED9E /* AppDelegate.h */,
				2BE3192E19263994009CED9E /* AppDelegate.m */,
				2BE3193019263994009CED9E /* Images.xcassets */,
				2BE3192519263994009CED9E /* Supporting Files */,
				2BE3194D192639A8009CED9E /* ViewController.h */,
				2BE3194E192639A8009CED9E /* ViewController.m */,
				2BE31952192639F9009CED9E /* ViewController.xib */,
				2BE3195919263CC4009CED9E /* CALayer+SnapshotRepresentation.h */,
				2BE3195A19263CC4009CED9E /* CALayer+SnapshotRepresentation.m */,
				2BE3195C19264117009CED9E /* UIWindow+SnapshotRepresentation.h */,
				2BE3195D19264117009CED9E /* UIWindow+SnapshotRepresentation.m */,
			);
			path = Snapshot;
			sourceTree = "<group>";
		};
		2BE3192519263994009CED9E /* Supporting Files */ = {
			isa = PBXGroup;
			children = (
				2BE3195F19264212009CED9E /* UIKonf.jpg */,
				2BE3192619263994009CED9E /* Info.plist */,
				2BE3192A19263994009CED9E /* main.m */,
			);
			name = "Supporting Files";
			sourceTree = "<group>";
		};
/* End PBXGroup section */

/* Begin PBXNativeTarget section */
		2B9F2B9419265982004CD32F /* Convert */ = {
			isa = PBXNativeTarget;
			buildConfigurationList = 2B9F2BA019265982004CD32F /* Build configuration list for PBXNativeTarget "Convert" */;
			buildPhases = (
				2B9F2B9119265982004CD32F /* Sources */,
				2B9F2B9219265982004CD32F /* Frameworks */,
				2B9F2B9319265982004CD32F /* CopyFiles */,
			);
			buildRules = (
			);
			dependencies = (
			);
			name = Convert;
			productName = Convert;
			productReference = 2B9F2B9519265982004CD32F /* Convert */;
			productType = "com.apple.product-type.tool";
		};
		2BE3191A19263994009CED9E /* Snapshot */ = {
			isa = PBXNativeTarget;
			buildConfigurationList = 2BE3194719263994009CED9E /* Build configuration list for PBXNativeTarget "Snapshot" */;
			buildPhases = (
				2BE3191719263994009CED9E /* Sources */,
				2BE3191819263994009CED9E /* Frameworks */,
				2BE3191919263994009CED9E /* Resources */,
			);
			buildRules = (
			);
			dependencies = (
			);
			name = Snapshot;
			productName = Snapshot;
			productReference = 2BE3191B19263994009CED9E /* Snapshot.app */;
			productType = "com.apple.product-type.application";
		};
/* End PBXNativeTarget section */

/* Begin PBXProject section */
		2BE3191319263994009CED9E /* Project object */ = {
			isa = PBXProject;
			attributes = {
				LastUpgradeCheck = 0510;
				ORGANIZATIONNAME = "Frédéric Sagnes";
			};
			buildConfigurationList = 2BE3191619263994009CED9E /* Build configuration list for PBXProject "Snapshot" */;
			compatibilityVersion = "Xcode 3.2";
			developmentRegion = English;
			hasScannedForEncodings = 0;
			knownRegions = (
				en,
			);
			mainGroup = 2BE3191219263994009CED9E;
			productRefGroup = 2BE3191C19263994009CED9E /* Products */;
			projectDirPath = "";
			projectRoot = "";
			targets = (
				2BE3191A19263994009CED9E /* Snapshot */,
				2B9F2B9419265982004CD32F /* Convert */,
			);
		};
/* End PBXProject section */

/* Begin PBXResourcesBuildPhase section */
		2BE3191919263994009CED9E /* Resources */ = {
			isa = PBXResourcesBuildPhase;
			buildActionMask = 2147483647;
			files = (
				2BE3196019264212009CED9E /* UIKonf.jpg in Resources */,
				2BE31953192639F9009CED9E /* ViewController.xib in Resources */,
				2BE3193119263994009CED9E /* Images.xcassets in Resources */,
			);
			runOnlyForDeploymentPostprocessing = 0;
		};
/* End PBXResourcesBuildPhase section */

/* Begin PBXSourcesBuildPhase section */
		2B9F2B9119265982004CD32F /* Sources */ = {
			isa = PBXSourcesBuildPhase;
			buildActionMask = 2147483647;
			files = (
				2B9F2BB019265A47004CD32F /* FMPSD.m in Sources */,
				2B9F2BB519265A47004CD32F /* FMPSDTextEngineParser.m in Sources */,
				2B9F2BB619265A47004CD32F /* FMPSDUtils.m in Sources */,
				2B9F2BB219265A47004CD32F /* FMPSDDescriptor.m in Sources */,
				2B9F2BB119265A47004CD32F /* FMPSDCIFilters.m in Sources */,
				2B9F2BB319265A47004CD32F /* FMPSDLayer.m in Sources */,
				2B9F2BB919265AD2004CD32F /* Converter.m in Sources */,
				2B9F2BB419265A47004CD32F /* FMPSDStream.m in Sources */,
				2B9F2B9919265982004CD32F /* main.m in Sources */,
			);
			runOnlyForDeploymentPostprocessing = 0;
		};
		2BE3191719263994009CED9E /* Sources */ = {
			isa = PBXSourcesBuildPhase;
			buildActionMask = 2147483647;
			files = (
				2BE3194F192639A8009CED9E /* ViewController.m in Sources */,
				2BE3192F19263994009CED9E /* AppDelegate.m in Sources */,
				2BE3195E19264117009CED9E /* UIWindow+SnapshotRepresentation.m in Sources */,
				2BE3192B19263994009CED9E /* main.m in Sources */,
				2BE3195B19263CC4009CED9E /* CALayer+SnapshotRepresentation.m in Sources */,
			);
			runOnlyForDeploymentPostprocessing = 0;
		};
/* End PBXSourcesBuildPhase section */

/* Begin XCBuildConfiguration section */
		2B9F2B9E19265982004CD32F /* Debug */ = {
			isa = XCBuildConfiguration;
			buildSettings = {
				GCC_ENABLE_OBJC_EXCEPTIONS = YES;
				GCC_PREPROCESSOR_DEFINITIONS = (
					"DEBUG=1",
					"$(inherited)",
				);
				MACOSX_DEPLOYMENT_TARGET = 10.9;
				PRODUCT_NAME = "$(TARGET_NAME)";
				SDKROOT = macosx;
			};
			name = Debug;
		};
		2B9F2B9F19265982004CD32F /* Release */ = {
			isa = XCBuildConfiguration;
			buildSettings = {
				DEBUG_INFORMATION_FORMAT = "dwarf-with-dsym";
				GCC_ENABLE_OBJC_EXCEPTIONS = YES;
				MACOSX_DEPLOYMENT_TARGET = 10.9;
				PRODUCT_NAME = "$(TARGET_NAME)";
				SDKROOT = macosx;
			};
			name = Release;
		};
		2BE3194519263994009CED9E /* Debug */ = {
			isa = XCBuildConfiguration;
			buildSettings = {
				ALWAYS_SEARCH_USER_PATHS = NO;
				CLANG_CXX_LANGUAGE_STANDARD = "gnu++0x";
				CLANG_CXX_LIBRARY = "libc++";
				CLANG_ENABLE_MODULES = YES;
				CLANG_ENABLE_OBJC_ARC = YES;
				CLANG_WARN_BOOL_CONVERSION = YES;
				CLANG_WARN_CONSTANT_CONVERSION = YES;
				CLANG_WARN_DIRECT_OBJC_ISA_USAGE = YES_ERROR;
				CLANG_WARN_EMPTY_BODY = YES;
				CLANG_WARN_ENUM_CONVERSION = YES;
				CLANG_WARN_INT_CONVERSION = YES;
				CLANG_WARN_OBJC_ROOT_CLASS = YES_ERROR;
				CLANG_WARN__DUPLICATE_METHOD_MATCH = YES;
				"CODE_SIGN_IDENTITY[sdk=iphoneos*]" = "iPhone Developer";
				COPY_PHASE_STRIP = NO;
				GCC_C_LANGUAGE_STANDARD = gnu99;
				GCC_DYNAMIC_NO_PIC = NO;
				GCC_OPTIMIZATION_LEVEL = 0;
				GCC_PREPROCESSOR_DEFINITIONS = (
					"DEBUG=1",
					"$(inherited)",
				);
				GCC_SYMBOLS_PRIVATE_EXTERN = NO;
				GCC_WARN_64_TO_32_BIT_CONVERSION = YES;
				GCC_WARN_ABOUT_RETURN_TYPE = YES_ERROR;
				GCC_WARN_UNDECLARED_SELECTOR = YES;
				GCC_WARN_UNINITIALIZED_AUTOS = YES_AGGRESSIVE;
				GCC_WARN_UNUSED_FUNCTION = YES;
				GCC_WARN_UNUSED_VARIABLE = YES;
				IPHONEOS_DEPLOYMENT_TARGET = 7.0;
				ONLY_ACTIVE_ARCH = YES;
				SDKROOT = iphoneos;
				TARGETED_DEVICE_FAMILY = "1,2";
			};
			name = Debug;
		};
		2BE3194619263994009CED9E /* Release */ = {
			isa = XCBuildConfiguration;
			buildSettings = {
				ALWAYS_SEARCH_USER_PATHS = NO;
				CLANG_CXX_LANGUAGE_STANDARD = "gnu++0x";
				CLANG_CXX_LIBRARY = "libc++";
				CLANG_ENABLE_MODULES = YES;
				CLANG_ENABLE_OBJC_ARC = YES;
				CLANG_WARN_BOOL_CONVERSION = YES;
				CLANG_WARN_CONSTANT_CONVERSION = YES;
				CLANG_WARN_DIRECT_OBJC_ISA_USAGE = YES_ERROR;
				CLANG_WARN_EMPTY_BODY = YES;
				CLANG_WARN_ENUM_CONVERSION = YES;
				CLANG_WARN_INT_CONVERSION = YES;
				CLANG_WARN_OBJC_ROOT_CLASS = YES_ERROR;
				CLANG_WARN__DUPLICATE_METHOD_MATCH = YES;
				"CODE_SIGN_IDENTITY[sdk=iphoneos*]" = "iPhone Developer";
				COPY_PHASE_STRIP = YES;
				ENABLE_NS_ASSERTIONS = NO;
				GCC_C_LANGUAGE_STANDARD = gnu99;
				GCC_WARN_64_TO_32_BIT_CONVERSION = YES;
				GCC_WARN_ABOUT_RETURN_TYPE = YES_ERROR;
				GCC_WARN_UNDECLARED_SELECTOR = YES;
				GCC_WARN_UNINITIALIZED_AUTOS = YES_AGGRESSIVE;
				GCC_WARN_UNUSED_FUNCTION = YES;
				GCC_WARN_UNUSED_VARIABLE = YES;
				IPHONEOS_DEPLOYMENT_TARGET = 7.0;
				SDKROOT = iphoneos;
				TARGETED_DEVICE_FAMILY = "1,2";
				VALIDATE_PRODUCT = YES;
			};
			name = Release;
		};
		2BE3194819263994009CED9E /* Debug */ = {
			isa = XCBuildConfiguration;
			buildSettings = {
				ASSETCATALOG_COMPILER_APPICON_NAME = AppIcon;
				ASSETCATALOG_COMPILER_LAUNCHIMAGE_NAME = LaunchImage;
				INFOPLIST_FILE = "$(SRCROOT)/Snapshot/Info.plist";
				PRODUCT_NAME = "$(TARGET_NAME)";
				WRAPPER_EXTENSION = app;
			};
			name = Debug;
		};
		2BE3194919263994009CED9E /* Release */ = {
			isa = XCBuildConfiguration;
			buildSettings = {
				ASSETCATALOG_COMPILER_APPICON_NAME = AppIcon;
				ASSETCATALOG_COMPILER_LAUNCHIMAGE_NAME = LaunchImage;
				INFOPLIST_FILE = "$(SRCROOT)/Snapshot/Info.plist";
				PRODUCT_NAME = "$(TARGET_NAME)";
				WRAPPER_EXTENSION = app;
			};
			name = Release;
		};
/* End XCBuildConfiguration section */

/* Begin XCConfigurationList section */
		2B9F2BA019265982004CD32F /* Build configuration list for PBXNativeTarget "Convert" */ = {
			isa = XCConfigurationList;
			buildConfigurations = (
				2B9F2B9E19265982004CD32F /* Debug */,
				2B9F2B9F19265982004CD32F /* Release */,
			);
			defaultConfigurationIsVisible = 0;
		};
		2BE3191619263994009CED9E /* Build configuration list for PBXProject "Snapshot" */ = {
			isa = XCConfigurationList;
			buildConfigurations = (
				2BE3194519263994009CED9E /* Debug */,
				2BE3194619263994009CED9E /* Release */,
			);
			defaultConfigurationIsVisible = 0;
			defaultConfigurationName = Release;
		};
		2BE3194719263994009CED9E /* Build configuration list for PBXNativeTarget "Snapshot" */ = {
			isa = XCConfigurationList;
			buildConfigurations = (
				2BE3194819263994009CED9E /* Debug */,
				2BE3194919263994009CED9E /* Release */,
			);
			defaultConfigurationIsVisible = 0;
			defaultConfigurationName = Release;
		};
/* End XCConfigurationList section */
	};
	rootObject = 2BE3191319263994009CED9E /* Project object */;
}
